<?xml version="1.0" encoding="utf-8"?>
<Project ToolsVersion="4.0" xmlns="http://schemas.microsoft.com/developer/msbuild/2003">
  <ItemGroup>
    <Filter Include="Source Files">
      <UniqueIdentifier>{4FC737F1-C7A5-4376-A066-2A32D752A2FF}</UniqueIdentifier>
      <Extensions>cpp;c;cc;cxx;c++;cppm;ixx;def;odl;idl;hpj;bat;asm;asmx</Extensions>
    </Filter>
    <Filter Include="Header Files">
      <UniqueIdentifier>{93995380-89BD-4b04-88EB-625FBE52EBFB}</UniqueIdentifier>
      <Extensions>h;hh;hpp;hxx;h++;hm;inl;inc;ipp;xsd</Extensions>
    </Filter>
    <Filter Include="Resource Files">
      <UniqueIdentifier>{67DA6AB6-F800-4c08-8B7A-83BB121AAD01}</UniqueIdentifier>
      <Extensions>rc;ico;cur;bmp;dlg;rc2;rct;bin;rgs;gif;jpg;jpeg;jpe;resx;tiff;tif;png;wav;mfcribbon-ms</Extensions>
    </Filter>
  </ItemGroup>
  <ItemGroup>
    <ClCompile Include="src\main.cpp">
      <Filter>Source Files</Filter>
    </ClCompile>
    <ClCompile Include="src\window\window.cpp">
      <Filter>Source Files</Filter>
    </ClCompile>
    <ClCompile Include="src\shaderfv\shader.cpp">
      <Filter>Source Files</Filter>
    </ClCompile>
    <ClCompile Include="src\ui\ui.cpp">
      <Filter>Source Files</Filter>
    </ClCompile>
    <ClCompile Include="..\dependencies\imgui\imgui.cpp">
      <Filter>Source Files</Filter>
    </ClCompile>
    <ClCompile Include="..\dependencies\imgui\imgui_demo.cpp">
      <Filter>Source Files</Filter>
    </ClCompile>
    <ClCompile Include="..\dependencies\imgui\imgui_draw.cpp">
      <Filter>Source Files</Filter>
    </ClCompile>
    <ClCompile Include="..\dependencies\imgui\imgui_impl_glfw.cpp">
      <Filter>Source Files</Filter>
    </ClCompile>
    <ClCompile Include="..\dependencies\imgui\imgui_impl_opengl3.cpp">
      <Filter>Source Files</Filter>
    </ClCompile>
    <ClCompile Include="..\dependencies\imgui\imgui_tables.cpp">
      <Filter>Source Files</Filter>
    </ClCompile>
    <ClCompile Include="..\dependencies\imgui\imgui_widgets.cpp">
      <Filter>Source Files</Filter>
    </ClCompile>
    <ClCompile Include="src\model\model.cpp">
      <Filter>Source Files</Filter>
    </ClCompile>
    <ClCompile Include="src\tinyobj.cpp">
      <Filter>Source Files</Filter>
    </ClCompile>
    <ClCompile Include="src\model\model_manager.cpp">
      <Filter>Source Files</Filter>
    </ClCompile>
    <ClCompile Include="src\camera\camera.cpp">
      <Filter>Source Files</Filter>
    </ClCompile>
    <ClCompile Include="src\stb.cpp">
      <Filter>Source Files</Filter>
    </ClCompile>
    <ClCompile Include="src\material\material.cpp">
      <Filter>Source Files</Filter>
    </ClCompile>
    <ClCompile Include="src\texture\texture.cpp">
      <Filter>Source Files</Filter>
    </ClCompile>
    <ClCompile Include="src\skybox\skybox.cpp">
      <Filter>Source Files</Filter>
    </ClCompile>
    <ClCompile Include="src\scene\scene.cpp">
      <Filter>Source Files</Filter>
    </ClCompile>
    <ClCompile Include="src\player\player.cpp">
      <Filter>Source Files</Filter>
    </ClCompile>
    <ClCompile Include="src\player\player_controller.cpp">
      <Filter>Source Files</Filter>
    </ClCompile>
    <ClCompile Include="src\player\player_collision.cpp">
      <Filter>Source Files</Filter>
    </ClCompile>
  </ItemGroup>
  <ItemGroup>
    <ClInclude Include="src\window\window.h">
      <Filter>Header Files</Filter>
    </ClInclude>
    <ClInclude Include="src\shaderfv\shader.h">
      <Filter>Header Files</Filter>
    </ClInclude>
    <ClInclude Include="src\ui\ui.h">
      <Filter>Header Files</Filter>
    </ClInclude>
    <ClInclude Include="imgui\imconfig.h">
      <Filter>Header Files</Filter>
    </ClInclude>
    <ClInclude Include="imgui\imgui.h">
      <Filter>Header Files</Filter>
    </ClInclude>
    <ClInclude Include="imgui\imgui_impl_glfw.h">
      <Filter>Header Files</Filter>
    </ClInclude>
    <ClInclude Include="imgui\imstb_truetype.h">
      <Filter>Header Files</Filter>
    </ClInclude>
    <ClInclude Include="imgui\imstb_textedit.h">
      <Filter>Header Files</Filter>
    </ClInclude>
    <ClInclude Include="imgui\imstb_rectpack.h">
      <Filter>Header Files</Filter>
    </ClInclude>
    <ClInclude Include="imgui\imgui_internal.h">
      <Filter>Header Files</Filter>
    </ClInclude>
    <ClInclude Include="imgui\imgui_impl_opengl3_loader.h">
      <Filter>Header Files</Filter>
    </ClInclude>
    <ClInclude Include="imgui\imgui_impl_opengl3.h">
      <Filter>Header Files</Filter>
    </ClInclude>
    <ClInclude Include="src\model\model.h">
      <Filter>Header Files</Filter>
    </ClInclude>
    <ClInclude Include="src\model\model_manager.h">
      <Filter>Header Files</Filter>
    </ClInclude>
    <ClInclude Include="src\camera\camera.h">
      <Filter>Header Files</Filter>
    </ClInclude>
    <ClInclude Include="src\texture\texture.h">
      <Filter>Header Files</Filter>
    </ClInclude>
    <ClInclude Include="src\material\material.h">
      <Filter>Header Files</Filter>
    </ClInclude>
    <ClInclude Include="src\skybox\skybox.h">
      <Filter>Header Files</Filter>
    </ClInclude>
    <ClInclude Include="src\scene\scene.h">
      <Filter>Header Files</Filter>
    </ClInclude>
    <ClInclude Include="src\player\player.h">
      <Filter>Header Files</Filter>
    </ClInclude>
    <ClInclude Include="src\player\player_controller.h">
      <Filter>Header Files</Filter>
    </ClInclude>
    <ClInclude Include="src\player\player_collision.h">
      <Filter>Header Files</Filter>
    </ClInclude>
  </ItemGroup>
  <ItemGroup>
    <None Include="src\shaders\fragment.glsl" />
    <None Include="src\shaders\vertex.glsl" />
    <None Include="gamedata\models\floor.mtl" />
    <None Include="gamedata\models\sphere.mtl" />
    <None Include="gamedata\models\canopy.mtl" />
    <None Include="gamedata\models\house.mtl" />
    <None Include="gamedata\models\sand.mtl" />
    <None Include="gamedata\models\stick.mtl" />
    <None Include="gamedata\textures\weathered_planks_2k.blend.zip" />
    <None Include="gamedata\textures\Bricks098_1K-JPG.zip" />
    <None Include="gamedata\textures\PaintedPlaster006_1K-JPG.zip" />
    <None Include="gamedata\textures\blue_metal_plate_2k.blend.zip" />
    <None Include="src\shaders\skybox_fragment.glsl" />
    <None Include="src\shaders\skybox_vertex.glsl" />
    <None Include="gamedata\models\stone.mtl" />
    <None Include="appdata\scene_state.json" />
    <None Include="gamedata\models\stone2.mtl" />
    <None Include="gamedata\models\sand2.mtl" />
    <None Include="src\shaders\wireframe_fragment.glsl" />
    <None Include="src\shaders\wireframe_vertex.glsl" />
  </ItemGroup>
  <ItemGroup>
    <CustomBuild Include="gamedata\models\floor.obj" />
    <CustomBuild Include="gamedata\models\sphere.obj" />
    <CustomBuild Include="gamedata\models\canopy.obj" />
    <CustomBuild Include="gamedata\models\house.obj" />
    <CustomBuild Include="gamedata\models\sand.obj" />
    <CustomBuild Include="gamedata\models\stick.obj" />
    <CustomBuild Include="gamedata\models\stone.obj" />
    <CustomBuild Include="gamedata\models\stone2.obj" />
    <CustomBuild Include="gamedata\models\sand2.obj" />
  </ItemGroup>
  <ItemGroup>
    <Image Include="gamedata\textures\weathered_planks_diff_2k.jpg">
      <Filter>Resource Files</Filter>
    </Image>
    <Image Include="gamedata\textures\blue_metal_plate_diff_2k.jpg">
      <Filter>Resource Files</Filter>
    </Image>
    <Image Include="gamedata\textures\Bricks098_1K-JPG_Color.jpg">
      <Filter>Resource Files</Filter>
    </Image>
    <Image Include="gamedata\textures\damaged-grunge-texture-background.jpg">
      <Filter>Resource Files</Filter>
    </Image>
    <Image Include="gamedata\textures\ornamental-textile-floor.jpg">
      <Filter>Resource Files</Filter>
    </Image>
    <Image Include="gamedata\textures\PaintedPlaster006_1K-JPG_Color.jpg">
      <Filter>Resource Files</Filter>
    </Image>
    <Image Include="gamedata\textures\rock-texture-wallpaper.jpg">
      <Filter>Resource Files</Filter>
    </Image>
    <Image Include="gamedata\textures\rough-concrete-wall-with-peeling.jpg">
      <Filter>Resource Files</Filter>
    </Image>
    <Image Include="gamedata\textures\skybox_cubemap\pz.jpg">
      <Filter>Resource Files</Filter>
    </Image>
    <Image Include="gamedata\textures\skybox_cubemap\py.jpg">
      <Filter>Resource Files</Filter>
    </Image>
    <Image Include="gamedata\textures\skybox_cubemap\px.jpg">
      <Filter>Resource Files</Filter>
    </Image>
    <Image Include="gamedata\textures\skybox_cubemap\nz.jpg">
      <Filter>Resource Files</Filter>
    </Image>
    <Image Include="gamedata\textures\skybox_cubemap\ny.jpg">
      <Filter>Resource Files</Filter>
    </Image>
    <Image Include="gamedata\textures\skybox_cubemap\nx.jpg">
      <Filter>Resource Files</Filter>
    </Image>
    <Image Include="gamedata\textures\stone2.jpg">
      <Filter>Resource Files</Filter>
    </Image>
  </ItemGroup>
</Project>